
Microsoft Visual Studio Solution File, Format Version 12.00
# Visual Studio Version 17
VisualStudioVersion = 17.10.34928.147
MinimumVisualStudioVersion = 10.0.40219.1
Project("{FAE04EC0-301F-11D3-BF4B-00C04F79EFBC}") = "socialMediaApplication", "socialMediaApplication\socialMediaApplication.csproj", "{6A160C1F-92A4-4C5E-923E-A72D13EF461F}"
EndProject
Global
	GlobalSection(SolutionConfigurationPlatforms) = preSolution
		Debug|Any CPU = Debug|Any CPU
		Release|Any CPU = Release|Any CPU
	EndGlobalSection
	GlobalSection(ProjectConfigurationPlatforms) = postSolution
		{6A160C1F-92A4-4C5E-923E-A72D13EF461F}.Debug|Any CPU.ActiveCfg = Debug|Any CPU
		{6A160C1F-92A4-4C5E-923E-A72D13EF461F}.Debug|Any CPU.Build.0 = Debug|Any CPU
		{6A160C1F-92A4-4C5E-923E-A72D13EF461F}.Release|Any CPU.ActiveCfg = Release|Any CPU
		{6A160C1F-92A4-4C5E-923E-A72D13EF461F}.Release|Any CPU.Build.0 = Release|Any CPU
	EndGlobalSection
	GlobalSection(SolutionProperties) = preSolution
		HideSolutionNode = FALSE
	EndGlobalSection
	GlobalSection(ExtensibilityGlobals) = postSolution
		SolutionGuid = {DD9FB0AB-14CB-4DF1-BD17-5B4AC78C9C11}
	EndGlobalSection
EndGlobal
